# THIS IS AN AUTOGENERATED FILE. DO NOT EDIT THIS FILE DIRECTLY.
# yarn lockfile v1


"@tsconfig/node18@^1.0.1":
  "integrity" "sha512-sNFeK6X2ATlhlvzyH4kKYQlfHXE2f2/wxtB9ClvYXevWpmwkUT7VaSrjIN9E76Qebz8qP5JOJJ9jD3QoD/Z9TA=="
  "resolved" "https://registry.npmjs.org/@tsconfig/node18/-/node18-1.0.1.tgz"
  "version" "1.0.1"

"aggregate-error@^4.0.0":
  "integrity" "sha512-0poP0T7el6Vq3rstR8Mn4V/IQrpBLO6POkUSrN7RhyY+GF/InCFShQzsQ39T25gkHhLgSLByyAz+Kjb+c2L98w=="
  "resolved" "https://registry.npmjs.org/aggregate-error/-/aggregate-error-4.0.1.tgz"
  "version" "4.0.1"
  dependencies:
    "clean-stack" "^4.0.0"
    "indent-string" "^5.0.0"

"buffer-from@^1.0.0":
  "integrity" "sha512-E+XQCRwSbaaiChtv6k6Dwgc+bx+Bs6vuKJHHl5kox/BaKbhiXzqQOwK4cO22yElGp2OCmjwVhT3HmxgyPGnJfQ=="
  "resolved" "https://registry.npmjs.org/buffer-from/-/buffer-from-1.1.2.tgz"
  "version" "1.1.2"

"clean-stack@^4.0.0":
  "integrity" "sha512-LYv6XPxoyODi36Dp976riBtSY27VmFo+MKqEU9QCCWyTrdEPDog+RWA7xQWHi6Vbp61j5c4cdzzX1NidnwtUWg=="
  "resolved" "https://registry.npmjs.org/clean-stack/-/clean-stack-4.2.0.tgz"
  "version" "4.2.0"
  dependencies:
    "escape-string-regexp" "5.0.0"

"esbuild@^0.11.20":
  "integrity" "sha512-iaiZZ9vUF5wJV8ob1tl+5aJTrwDczlvGP0JoMmnpC2B0ppiMCu8n8gmy5ZTGl5bcG081XBVn+U+jP+mPFm5T5Q=="
  "resolved" "https://registry.npmjs.org/esbuild/-/esbuild-0.11.23.tgz"
  "version" "0.11.23"

"escape-string-regexp@5.0.0":
  "integrity" "sha512-/veY75JbMK4j1yjvuUxuVsiS/hr/4iHs9FTT6cgTexxdE0Ly/glccBAkloH/DofkjRbZU3bnoj38mOmhkZ0lHw=="
  "resolved" "https://registry.npmjs.org/escape-string-regexp/-/escape-string-regexp-5.0.0.tgz"
  "version" "5.0.0"

"indent-string@^5.0.0":
  "integrity" "sha512-m6FAo/spmsW2Ab2fU35JTYwtOKa2yAwXSwgjSv1TJzh4Mh7mC3lzAOVLBprb72XsTrgkEIsl7YrFNAiDiRhIGg=="
  "resolved" "https://registry.npmjs.org/indent-string/-/indent-string-5.0.0.tgz"
  "version" "5.0.0"

"p-all@^4.0.0":
  "integrity" "sha512-QXqMc8PpYu0gmNM6VcKP0uYqeI+dtvSNeaDb8ktnNjposr+nftHHCSYbj/S/oUceF6R868jw1XOxkJKUSiHgEQ=="
  "resolved" "https://registry.npmjs.org/p-all/-/p-all-4.0.0.tgz"
  "version" "4.0.0"
  dependencies:
    "p-map" "^5.0.0"

"p-map@^5.0.0":
  "integrity" "sha512-VFqfGDHlx87K66yZrNdI4YGtD70IRyd+zSvgks6mzHPRNkoKy+9EKP4SFC77/vTTQYmRmti7dvqC+m5jBrBAcg=="
  "resolved" "https://registry.npmjs.org/p-map/-/p-map-5.5.0.tgz"
  "version" "5.5.0"
  dependencies:
    "aggregate-error" "^4.0.0"

"source-map-support@^0.5.19":
  "integrity" "sha512-uBHU3L3czsIyYXKX88fdrGovxdSCoTGDRZ6SYXtSRxLZUzHg5P/66Ht6uoUlHu9EZod+inXhKo3qQgwXUT/y1w=="
  "resolved" "https://registry.npmjs.org/source-map-support/-/source-map-support-0.5.21.tgz"
  "version" "0.5.21"
  dependencies:
    "buffer-from" "^1.0.0"
    "source-map" "^0.6.0"

"source-map@^0.6.0":
  "integrity" "sha512-UjgapumWlbMhkBgzT7Ykc5YXUT46F0iKu8SGXq0bcwP5dz/h0Plj6enJqjz1Zbq2l5WaqYnrVbwWOWMyF3F47g=="
  "resolved" "https://registry.npmjs.org/source-map/-/source-map-0.6.1.tgz"
  "version" "0.6.1"

"ts-eager@^2.0.2":
  "integrity" "sha512-xzFPL2z7mgLs0brZXaIHTm91Pjl/Cuu9AMKprgSuK+kIS2LjiG8fqqg4eqz3tgBy9OIdupb9w55pr7ea3JBB+Q=="
  "resolved" "https://registry.npmjs.org/ts-eager/-/ts-eager-2.0.2.tgz"
  "version" "2.0.2"
  dependencies:
    "esbuild" "^0.11.20"
    "source-map-support" "^0.5.19"
